
Microsoft Visual Studio Solution File, Format Version 12.00
Project("{FAE04EC0-301F-11D3-BF4B-00C04F79EFBC}") = "CSVC", "CSVC\CSVC.csproj", "{70EED19E-E7A0-4E0C-9168-5AFC8EBD9A88}"
EndProject
Global
	GlobalSection(SolutionConfigurationPlatforms) = preSolution
		Debug|Any CPU = Debug|Any CPU
		Release|Any CPU = Release|Any CPU
	EndGlobalSection
	GlobalSection(ProjectConfigurationPlatforms) = postSolution
		{70EED19E-E7A0-4E0C-9168-5AFC8EBD9A88}.Debug|Any CPU.ActiveCfg = Debug|Any CPU
		{70EED19E-E7A0-4E0C-9168-5AFC8EBD9A88}.Debug|Any CPU.Build.0 = Debug|Any CPU
		{70EED19E-E7A0-4E0C-9168-5AFC8EBD9A88}.Release|Any CPU.ActiveCfg = Release|Any CPU
		{70EED19E-E7A0-4E0C-9168-5AFC8EBD9A88}.Release|Any CPU.Build.0 = Release|Any CPU
	EndGlobalSection
EndGlobal
